
Microsoft Visual Studio Solution File, Format Version 12.00
# Visual Studio 15
VisualStudioVersion = 15.0.27428.2015
MinimumVisualStudioVersion = 10.0.40219.1
Project("{8BC9CEB8-8B4A-11D0-8D11-00A0C91BC942}") = "NNGuide", "NNGuide\NNGuide.vcxproj", "{2F3DD4CB-49D6-42B1-AF4C-A4C646F549FC}"
EndProject
Global
	GlobalSection(SolutionConfigurationPlatforms) = preSolution
		Debug|x64 = Debug|x64
		Debug|x86 = Debug|x86
		Release|x64 = Release|x64
		Release|x86 = Release|x86
	EndGlobalSection
	GlobalSection(ProjectConfigurationPlatforms) = postSolution
		{2F3DD4CB-49D6-42B1-AF4C-A4C646F549FC}.Debug|x64.ActiveCfg = Debug|x64
		{2F3DD4CB-49D6-42B1-AF4C-A4C646F549FC}.Debug|x64.Build.0 = Debug|x64
		{2F3DD4CB-49D6-42B1-AF4C-A4C646F549FC}.Debug|x86.ActiveCfg = Debug|Win32
		{2F3DD4CB-49D6-42B1-AF4C-A4C646F549FC}.Debug|x86.Build.0 = Debug|Win32
		{2F3DD4CB-49D6-42B1-AF4C-A4C646F549FC}.Release|x64.ActiveCfg = Release|x64
		{2F3DD4CB-49D6-42B1-AF4C-A4C646F549FC}.Release|x64.Build.0 = Release|x64
		{2F3DD4CB-49D6-42B1-AF4C-A4C646F549FC}.Release|x86.ActiveCfg = Release|Win32
		{2F3DD4CB-49D6-42B1-AF4C-A4C646F549FC}.Release|x86.Build.0 = Release|Win32
	EndGlobalSection
	GlobalSection(SolutionProperties) = preSolution
		HideSolutionNode = FALSE
	EndGlobalSection
	GlobalSection(ExtensibilityGlobals) = postSolution
		SolutionGuid = {63F11DB8-52C9-4F9E-A122-19A3213AE12B}
	EndGlobalSection
EndGlobal
